schema: '2.0'
stages:
  download_data:
    cmd: python -c "import dvc.api; from src.training.download_data import 
      download_data; cfg=dvc.api.params_show(); 
      download_data(cfg['pipeline']['data'])"
    params:
      params.yaml:
        pipeline.data.kaggle_competition: titanic
        pipeline.data.raw_data_path: data/raw
    outs:
    - path: data/raw/train.csv
      hash: md5
      md5: 2309cc5f04782ed9bb6016d9f4e381cf
      size: 61194
  process_data:
    cmd: python -c "import dvc.api; from src.training.process_data import 
      process_data; cfg=dvc.api.params_show(); 
      process_data(cfg['pipeline']['data'])"
    deps:
    - path: data/raw/train.csv
      hash: md5
      md5: 2309cc5f04782ed9bb6016d9f4e381cf
      size: 61194
    - path: src/training/process_data.py
      hash: md5
      md5: 7d818dc6904ecab48c5a1104605085e3
      size: 1207
    params:
      params.yaml:
        pipeline.data:
          kaggle_competition: titanic
          raw_data_path: data/raw
          raw_file: train.csv
          processed_data_path: data/processed
          train_file: titanic-train.parquet
          test_file: titanic-test.parquet
          target_col: Survived
          test_size: 0.15
          random_state: 42
          rare_title_threshold: 10
          drop_cols:
          - Name
          - Ticket
          - Cabin
          - PassengerId
    outs:
    - path: data/processed/titanic-test.parquet
      hash: md5
      md5: c839fd966a282b7d5bc82069d0d4fa04
      size: 8909
    - path: data/processed/titanic-train.parquet
      hash: md5
      md5: 8cfedb72934ee7caa3c79dc7ee60beee
      size: 15923
  train:
    cmd: python -c "import dvc.api; from src.training.train import train; 
      cfg=dvc.api.params_show(); train(cfg['pipeline'])"
    deps:
    - path: data/processed/titanic-train.parquet
      hash: md5
      md5: 8cfedb72934ee7caa3c79dc7ee60beee
      size: 15923
    - path: src/training/train.py
      hash: md5
      md5: 8e18e61a57c23a459fb9c4f311b2c253
      size: 2967
    params:
      params.yaml:
        pipeline.model:
          models_path: models
          reports_path: reports
          cv_folds: 5
          scoring: roc_auc
          random_forest:
            n_estimators: 100
            max_depth: 6
            random_state: 42
          logistic_regression:
            max_iter: 1000
            random_state: 42
    outs:
    - path: models/
      hash: md5
      md5: 7163ca3eb211debb1d7b8b454adf57e5.dir
      size: 621232
      nfiles: 2
  evaluate:
    cmd: python -c "import dvc.api; from src.training.evaluate import evaluate; 
      cfg=dvc.api.params_show(); evaluate(cfg['pipeline'])"
    deps:
    - path: data/processed/titanic-test.parquet
      hash: md5
      md5: c839fd966a282b7d5bc82069d0d4fa04
      size: 8909
    - path: models/
      hash: md5
      md5: 7163ca3eb211debb1d7b8b454adf57e5.dir
      size: 621232
      nfiles: 2
    - path: src/training/evaluate.py
      hash: md5
      md5: 49e2c8c0681d63436a1ed7675ddcf21c
      size: 1444
    params:
      params.yaml:
        pipeline.model.reports_path: reports
    outs:
    - path: reports/evaluation_report.json
      hash: md5
      md5: 68d3f6e404124b3b3834648edf923c9c
      size: 2073
